// !$*UTF8*$!
{
	archiveVersion = 1;
	classes = {
	};
	objectVersion = 46;
	objects = {

/* Begin PBXBuildFile section */
		152950321552513300B5E0D3 /* GameSingleton.m in Sources */ = {isa = PBXBuildFile; fileRef = 152950311552513300B5E0D3 /* GameSingleton.m */; };
		1529503615525F2500B5E0D3 /* StoryViewController.m in Sources */ = {isa = PBXBuildFile; fileRef = 1529503415525F2500B5E0D3 /* StoryViewController.m */; };
		1529503715525F2500B5E0D3 /* StoryViewController.xib in Resources */ = {isa = PBXBuildFile; fileRef = 1529503515525F2500B5E0D3 /* StoryViewController.xib */; };
		1529503B1552743B00B5E0D3 /* FriendsViewController.m in Sources */ = {isa = PBXBuildFile; fileRef = 152950391552743A00B5E0D3 /* FriendsViewController.m */; };
		1529503C1552743B00B5E0D3 /* FriendsViewController.xib in Resources */ = {isa = PBXBuildFile; fileRef = 1529503A1552743A00B5E0D3 /* FriendsViewController.xib */; };
		1587A21215463951006BB3D8 /* UIKit.framework in Frameworks */ = {isa = PBXBuildFile; fileRef = 1587A21115463951006BB3D8 /* UIKit.framework */; };
		1587A21415463951006BB3D8 /* Foundation.framework in Frameworks */ = {isa = PBXBuildFile; fileRef = 1587A21315463951006BB3D8 /* Foundation.framework */; };
		1587A21615463951006BB3D8 /* CoreGraphics.framework in Frameworks */ = {isa = PBXBuildFile; fileRef = 1587A21515463951006BB3D8 /* CoreGraphics.framework */; };
		1587A21C15463951006BB3D8 /* InfoPlist.strings in Resources */ = {isa = PBXBuildFile; fileRef = 1587A21A15463951006BB3D8 /* InfoPlist.strings */; };
		1587A21E15463951006BB3D8 /* main.m in Sources */ = {isa = PBXBuildFile; fileRef = 1587A21D15463951006BB3D8 /* main.m */; };
		1587A22215463951006BB3D8 /* AppDelegate.m in Sources */ = {isa = PBXBuildFile; fileRef = 1587A22115463951006BB3D8 /* AppDelegate.m */; };
		1587A22515463951006BB3D8 /* ViewController.m in Sources */ = {isa = PBXBuildFile; fileRef = 1587A22415463951006BB3D8 /* ViewController.m */; };
		1587A22815463951006BB3D8 /* ViewController.xib in Resources */ = {isa = PBXBuildFile; fileRef = 1587A22615463951006BB3D8 /* ViewController.xib */; };
		1587A23015463952006BB3D8 /* SenTestingKit.framework in Frameworks */ = {isa = PBXBuildFile; fileRef = 1587A22F15463952006BB3D8 /* SenTestingKit.framework */; };
		1587A23115463952006BB3D8 /* UIKit.framework in Frameworks */ = {isa = PBXBuildFile; fileRef = 1587A21115463951006BB3D8 /* UIKit.framework */; };
		1587A23215463952006BB3D8 /* Foundation.framework in Frameworks */ = {isa = PBXBuildFile; fileRef = 1587A21315463951006BB3D8 /* Foundation.framework */; };
		1587A23A15463952006BB3D8 /* InfoPlist.strings in Resources */ = {isa = PBXBuildFile; fileRef = 1587A23815463952006BB3D8 /* InfoPlist.strings */; };
		1587A23D15463952006BB3D8 /* project3Tests.m in Sources */ = {isa = PBXBuildFile; fileRef = 1587A23C15463952006BB3D8 /* project3Tests.m */; };
		1587A25515464888006BB3D8 /* TemplateViewController.m in Sources */ = {isa = PBXBuildFile; fileRef = 1587A25315464888006BB3D8 /* TemplateViewController.m */; };
		1587A25615464888006BB3D8 /* TemplateViewController.xib in Resources */ = {isa = PBXBuildFile; fileRef = 1587A25415464888006BB3D8 /* TemplateViewController.xib */; };
		1587A27815465D13006BB3D8 /* FormViewController.m in Sources */ = {isa = PBXBuildFile; fileRef = 1587A27615465D13006BB3D8 /* FormViewController.m */; };
		1587A27915465D13006BB3D8 /* FormViewController.xib in Resources */ = {isa = PBXBuildFile; fileRef = 1587A27715465D13006BB3D8 /* FormViewController.xib */; };
		4C000A70155272D400E77CEB /* FBDialog.bundle in Resources */ = {isa = PBXBuildFile; fileRef = 4C000A63155272D400E77CEB /* FBDialog.bundle */; };
		4C000A71155272D400E77CEB /* libfacebook_ios_sdk.a in Frameworks */ = {isa = PBXBuildFile; fileRef = 4C000A69155272D400E77CEB /* libfacebook_ios_sdk.a */; };
/* End PBXBuildFile section */

/* Begin PBXContainerItemProxy section */
		1587A23315463952006BB3D8 /* PBXContainerItemProxy */ = {
			isa = PBXContainerItemProxy;
			containerPortal = 1587A20415463951006BB3D8 /* Project object */;
			proxyType = 1;
			remoteGlobalIDString = 1587A20C15463951006BB3D8;
			remoteInfo = project3;
		};
/* End PBXContainerItemProxy section */

/* Begin PBXFileReference section */
		152950301552513300B5E0D3 /* GameSingleton.h */ = {isa = PBXFileReference; fileEncoding = 4; lastKnownFileType = sourcecode.c.h; path = GameSingleton.h; sourceTree = "<group>"; };
		152950311552513300B5E0D3 /* GameSingleton.m */ = {isa = PBXFileReference; fileEncoding = 4; lastKnownFileType = sourcecode.c.objc; path = GameSingleton.m; sourceTree = "<group>"; };
		1529503315525F2500B5E0D3 /* StoryViewController.h */ = {isa = PBXFileReference; fileEncoding = 4; lastKnownFileType = sourcecode.c.h; path = StoryViewController.h; sourceTree = "<group>"; };
		1529503415525F2500B5E0D3 /* StoryViewController.m */ = {isa = PBXFileReference; fileEncoding = 4; lastKnownFileType = sourcecode.c.objc; path = StoryViewController.m; sourceTree = "<group>"; };
		1529503515525F2500B5E0D3 /* StoryViewController.xib */ = {isa = PBXFileReference; fileEncoding = 4; lastKnownFileType = file.xib; path = StoryViewController.xib; sourceTree = "<group>"; };
		152950381552743A00B5E0D3 /* FriendsViewController.h */ = {isa = PBXFileReference; fileEncoding = 4; lastKnownFileType = sourcecode.c.h; path = FriendsViewController.h; sourceTree = "<group>"; };
		152950391552743A00B5E0D3 /* FriendsViewController.m */ = {isa = PBXFileReference; fileEncoding = 4; lastKnownFileType = sourcecode.c.objc; path = FriendsViewController.m; sourceTree = "<group>"; };
		1529503A1552743A00B5E0D3 /* FriendsViewController.xib */ = {isa = PBXFileReference; fileEncoding = 4; lastKnownFileType = file.xib; path = FriendsViewController.xib; sourceTree = "<group>"; };
		1587A20D15463951006BB3D8 /* project3.app */ = {isa = PBXFileReference; explicitFileType = wrapper.application; includeInIndex = 0; path = project3.app; sourceTree = BUILT_PRODUCTS_DIR; };
		1587A21115463951006BB3D8 /* UIKit.framework */ = {isa = PBXFileReference; lastKnownFileType = wrapper.framework; name = UIKit.framework; path = System/Library/Frameworks/UIKit.framework; sourceTree = SDKROOT; };
		1587A21315463951006BB3D8 /* Foundation.framework */ = {isa = PBXFileReference; lastKnownFileType = wrapper.framework; name = Foundation.framework; path = System/Library/Frameworks/Foundation.framework; sourceTree = SDKROOT; };
		1587A21515463951006BB3D8 /* CoreGraphics.framework */ = {isa = PBXFileReference; lastKnownFileType = wrapper.framework; name = CoreGraphics.framework; path = System/Library/Frameworks/CoreGraphics.framework; sourceTree = SDKROOT; };
		1587A21915463951006BB3D8 /* project3-Info.plist */ = {isa = PBXFileReference; lastKnownFileType = text.plist.xml; path = "project3-Info.plist"; sourceTree = "<group>"; };
		1587A21B15463951006BB3D8 /* en */ = {isa = PBXFileReference; lastKnownFileType = text.plist.strings; name = en; path = en.lproj/InfoPlist.strings; sourceTree = "<group>"; };
		1587A21D15463951006BB3D8 /* main.m */ = {isa = PBXFileReference; lastKnownFileType = sourcecode.c.objc; path = main.m; sourceTree = "<group>"; };
		1587A21F15463951006BB3D8 /* project3-Prefix.pch */ = {isa = PBXFileReference; lastKnownFileType = sourcecode.c.h; path = "project3-Prefix.pch"; sourceTree = "<group>"; };
		1587A22015463951006BB3D8 /* AppDelegate.h */ = {isa = PBXFileReference; lastKnownFileType = sourcecode.c.h; path = AppDelegate.h; sourceTree = "<group>"; };
		1587A22115463951006BB3D8 /* AppDelegate.m */ = {isa = PBXFileReference; lastKnownFileType = sourcecode.c.objc; path = AppDelegate.m; sourceTree = "<group>"; };
		1587A22315463951006BB3D8 /* ViewController.h */ = {isa = PBXFileReference; lastKnownFileType = sourcecode.c.h; path = ViewController.h; sourceTree = "<group>"; };
		1587A22415463951006BB3D8 /* ViewController.m */ = {isa = PBXFileReference; lastKnownFileType = sourcecode.c.objc; path = ViewController.m; sourceTree = "<group>"; };
		1587A22715463951006BB3D8 /* en */ = {isa = PBXFileReference; lastKnownFileType = file.xib; name = en; path = en.lproj/ViewController.xib; sourceTree = "<group>"; };
		1587A22E15463952006BB3D8 /* project3Tests.octest */ = {isa = PBXFileReference; explicitFileType = wrapper.cfbundle; includeInIndex = 0; path = project3Tests.octest; sourceTree = BUILT_PRODUCTS_DIR; };
		1587A22F15463952006BB3D8 /* SenTestingKit.framework */ = {isa = PBXFileReference; lastKnownFileType = wrapper.framework; name = SenTestingKit.framework; path = Library/Frameworks/SenTestingKit.framework; sourceTree = DEVELOPER_DIR; };
		1587A23715463952006BB3D8 /* project3Tests-Info.plist */ = {isa = PBXFileReference; lastKnownFileType = text.plist.xml; path = "project3Tests-Info.plist"; sourceTree = "<group>"; };
		1587A23915463952006BB3D8 /* en */ = {isa = PBXFileReference; lastKnownFileType = text.plist.strings; name = en; path = en.lproj/InfoPlist.strings; sourceTree = "<group>"; };
		1587A23B15463952006BB3D8 /* project3Tests.h */ = {isa = PBXFileReference; lastKnownFileType = sourcecode.c.h; path = project3Tests.h; sourceTree = "<group>"; };
		1587A23C15463952006BB3D8 /* project3Tests.m */ = {isa = PBXFileReference; lastKnownFileType = sourcecode.c.objc; path = project3Tests.m; sourceTree = "<group>"; };
		1587A25215464888006BB3D8 /* TemplateViewController.h */ = {isa = PBXFileReference; fileEncoding = 4; lastKnownFileType = sourcecode.c.h; path = TemplateViewController.h; sourceTree = "<group>"; };
		1587A25315464888006BB3D8 /* TemplateViewController.m */ = {isa = PBXFileReference; fileEncoding = 4; lastKnownFileType = sourcecode.c.objc; path = TemplateViewController.m; sourceTree = "<group>"; };
		1587A25415464888006BB3D8 /* TemplateViewController.xib */ = {isa = PBXFileReference; fileEncoding = 4; lastKnownFileType = file.xib; path = TemplateViewController.xib; sourceTree = "<group>"; };
		1587A27515465D13006BB3D8 /* FormViewController.h */ = {isa = PBXFileReference; fileEncoding = 4; lastKnownFileType = sourcecode.c.h; path = FormViewController.h; sourceTree = "<group>"; };
		1587A27615465D13006BB3D8 /* FormViewController.m */ = {isa = PBXFileReference; fileEncoding = 4; lastKnownFileType = sourcecode.c.objc; path = FormViewController.m; sourceTree = "<group>"; };
		1587A27715465D13006BB3D8 /* FormViewController.xib */ = {isa = PBXFileReference; fileEncoding = 4; lastKnownFileType = file.xib; path = FormViewController.xib; sourceTree = "<group>"; };
		1587A2A61546997F006BB3D8 /* CFNetwork.framework */ = {isa = PBXFileReference; lastKnownFileType = wrapper.framework; name = CFNetwork.framework; path = System/Library/Frameworks/CFNetwork.framework; sourceTree = SDKROOT; };
		1587A2A81546998F006BB3D8 /* SystemConfiguration.framework */ = {isa = PBXFileReference; lastKnownFileType = wrapper.framework; name = SystemConfiguration.framework; path = System/Library/Frameworks/SystemConfiguration.framework; sourceTree = SDKROOT; };
		1587A2AA1546999B006BB3D8 /* MobileCoreServices.framework */ = {isa = PBXFileReference; lastKnownFileType = wrapper.framework; name = MobileCoreServices.framework; path = System/Library/Frameworks/MobileCoreServices.framework; sourceTree = SDKROOT; };
		1587A2AC154699AC006BB3D8 /* libz.dylib */ = {isa = PBXFileReference; lastKnownFileType = "compiled.mach-o.dylib"; name = libz.dylib; path = usr/lib/libz.dylib; sourceTree = SDKROOT; };
		4C000A61155272D400E77CEB /* Facebook.h */ = {isa = PBXFileReference; fileEncoding = 4; lastKnownFileType = sourcecode.c.h; path = Facebook.h; sourceTree = "<group>"; };
		4C000A62155272D400E77CEB /* FBConnect.h */ = {isa = PBXFileReference; fileEncoding = 4; lastKnownFileType = sourcecode.c.h; path = FBConnect.h; sourceTree = "<group>"; };
		4C000A63155272D400E77CEB /* FBDialog.bundle */ = {isa = PBXFileReference; lastKnownFileType = "wrapper.plug-in"; path = FBDialog.bundle; sourceTree = "<group>"; };
		4C000A64155272D400E77CEB /* FBDialog.h */ = {isa = PBXFileReference; fileEncoding = 4; lastKnownFileType = sourcecode.c.h; path = FBDialog.h; sourceTree = "<group>"; };
		4C000A65155272D400E77CEB /* FBFrictionlessRequestSettings.h */ = {isa = PBXFileReference; fileEncoding = 4; lastKnownFileType = sourcecode.c.h; path = FBFrictionlessRequestSettings.h; sourceTree = "<group>"; };
		4C000A66155272D400E77CEB /* FBLoginDialog.h */ = {isa = PBXFileReference; fileEncoding = 4; lastKnownFileType = sourcecode.c.h; path = FBLoginDialog.h; sourceTree = "<group>"; };
		4C000A67155272D400E77CEB /* FBRequest.h */ = {isa = PBXFileReference; fileEncoding = 4; lastKnownFileType = sourcecode.c.h; path = FBRequest.h; sourceTree = "<group>"; };
		4C000A68155272D400E77CEB /* JSON.h */ = {isa = PBXFileReference; fileEncoding = 4; lastKnownFileType = sourcecode.c.h; path = JSON.h; sourceTree = "<group>"; };
		4C000A69155272D400E77CEB /* libfacebook_ios_sdk.a */ = {isa = PBXFileReference; lastKnownFileType = archive.ar; path = libfacebook_ios_sdk.a; sourceTree = "<group>"; };
		4C000A6A155272D400E77CEB /* NSObject+SBJSON.h */ = {isa = PBXFileReference; fileEncoding = 4; lastKnownFileType = sourcecode.c.h; path = "NSObject+SBJSON.h"; sourceTree = "<group>"; };
		4C000A6B155272D400E77CEB /* NSString+SBJSON.h */ = {isa = PBXFileReference; fileEncoding = 4; lastKnownFileType = sourcecode.c.h; path = "NSString+SBJSON.h"; sourceTree = "<group>"; };
		4C000A6C155272D400E77CEB /* SBJSON.h */ = {isa = PBXFileReference; fileEncoding = 4; lastKnownFileType = sourcecode.c.h; path = SBJSON.h; sourceTree = "<group>"; };
		4C000A6D155272D400E77CEB /* SBJsonBase.h */ = {isa = PBXFileReference; fileEncoding = 4; lastKnownFileType = sourcecode.c.h; path = SBJsonBase.h; sourceTree = "<group>"; };
		4C000A6E155272D400E77CEB /* SBJsonParser.h */ = {isa = PBXFileReference; fileEncoding = 4; lastKnownFileType = sourcecode.c.h; path = SBJsonParser.h; sourceTree = "<group>"; };
		4C000A6F155272D400E77CEB /* SBJsonWriter.h */ = {isa = PBXFileReference; fileEncoding = 4; lastKnownFileType = sourcecode.c.h; path = SBJsonWriter.h; sourceTree = "<group>"; };
/* End PBXFileReference section */

/* Begin PBXFrameworksBuildPhase section */
		1587A20A15463951006BB3D8 /* Frameworks */ = {
			isa = PBXFrameworksBuildPhase;
			buildActionMask = 2147483647;
			files = (
				1587A21215463951006BB3D8 /* UIKit.framework in Frameworks */,
				1587A21415463951006BB3D8 /* Foundation.framework in Frameworks */,
				1587A21615463951006BB3D8 /* CoreGraphics.framework in Frameworks */,
				4C000A71155272D400E77CEB /* libfacebook_ios_sdk.a in Frameworks */,
			);
			runOnlyForDeploymentPostprocessing = 0;
		};
		1587A22A15463952006BB3D8 /* Frameworks */ = {
			isa = PBXFrameworksBuildPhase;
			buildActionMask = 2147483647;
			files = (
				1587A23015463952006BB3D8 /* SenTestingKit.framework in Frameworks */,
				1587A23115463952006BB3D8 /* UIKit.framework in Frameworks */,
				1587A23215463952006BB3D8 /* Foundation.framework in Frameworks */,
			);
			runOnlyForDeploymentPostprocessing = 0;
		};
/* End PBXFrameworksBuildPhase section */

/* Begin PBXGroup section */
		1587A20215463951006BB3D8 = {
			isa = PBXGroup;
			children = (
				4C000A60155272D400E77CEB /* facebook-ios-sdk */,
				1587A2AC154699AC006BB3D8 /* libz.dylib */,
				1587A2AA1546999B006BB3D8 /* MobileCoreServices.framework */,
				1587A2A81546998F006BB3D8 /* SystemConfiguration.framework */,
				1587A2A61546997F006BB3D8 /* CFNetwork.framework */,
				1587A21715463951006BB3D8 /* project3 */,
				1587A23515463952006BB3D8 /* project3Tests */,
				1587A21015463951006BB3D8 /* Frameworks */,
				1587A20E15463951006BB3D8 /* Products */,
			);
			sourceTree = "<group>";
		};
		1587A20E15463951006BB3D8 /* Products */ = {
			isa = PBXGroup;
			children = (
				1587A20D15463951006BB3D8 /* project3.app */,
				1587A22E15463952006BB3D8 /* project3Tests.octest */,
			);
			name = Products;
			sourceTree = "<group>";
		};
		1587A21015463951006BB3D8 /* Frameworks */ = {
			isa = PBXGroup;
			children = (
				1587A21115463951006BB3D8 /* UIKit.framework */,
				1587A21315463951006BB3D8 /* Foundation.framework */,
				1587A21515463951006BB3D8 /* CoreGraphics.framework */,
				1587A22F15463952006BB3D8 /* SenTestingKit.framework */,
			);
			name = Frameworks;
			sourceTree = "<group>";
		};
		1587A21715463951006BB3D8 /* project3 */ = {
			isa = PBXGroup;
			children = (
				1587A22015463951006BB3D8 /* AppDelegate.h */,
				1587A22115463951006BB3D8 /* AppDelegate.m */,
				1587A22315463951006BB3D8 /* ViewController.h */,
				1587A22415463951006BB3D8 /* ViewController.m */,
				1587A22615463951006BB3D8 /* ViewController.xib */,
				152950381552743A00B5E0D3 /* FriendsViewController.h */,
				152950391552743A00B5E0D3 /* FriendsViewController.m */,
				1529503A1552743A00B5E0D3 /* FriendsViewController.xib */,
				1587A25215464888006BB3D8 /* TemplateViewController.h */,
				1587A25315464888006BB3D8 /* TemplateViewController.m */,
				1587A25415464888006BB3D8 /* TemplateViewController.xib */,
				1587A27515465D13006BB3D8 /* FormViewController.h */,
				1587A27615465D13006BB3D8 /* FormViewController.m */,
				1529503315525F2500B5E0D3 /* StoryViewController.h */,
				1529503415525F2500B5E0D3 /* StoryViewController.m */,
				1529503515525F2500B5E0D3 /* StoryViewController.xib */,
				152950301552513300B5E0D3 /* GameSingleton.h */,
				152950311552513300B5E0D3 /* GameSingleton.m */,
				1587A27715465D13006BB3D8 /* FormViewController.xib */,
				1587A21815463951006BB3D8 /* Supporting Files */,
			);
			path = project3;
			sourceTree = "<group>";
		};
		1587A21815463951006BB3D8 /* Supporting Files */ = {
			isa = PBXGroup;
			children = (
				1587A21915463951006BB3D8 /* project3-Info.plist */,
				1587A21A15463951006BB3D8 /* InfoPlist.strings */,
				1587A21D15463951006BB3D8 /* main.m */,
				1587A21F15463951006BB3D8 /* project3-Prefix.pch */,
			);
			name = "Supporting Files";
			sourceTree = "<group>";
		};
		1587A23515463952006BB3D8 /* project3Tests */ = {
			isa = PBXGroup;
			children = (
				1587A23B15463952006BB3D8 /* project3Tests.h */,
				1587A23C15463952006BB3D8 /* project3Tests.m */,
				1587A23615463952006BB3D8 /* Supporting Files */,
			);
			path = project3Tests;
			sourceTree = "<group>";
		};
		1587A23615463952006BB3D8 /* Supporting Files */ = {
			isa = PBXGroup;
			children = (
				1587A23715463952006BB3D8 /* project3Tests-Info.plist */,
				1587A23815463952006BB3D8 /* InfoPlist.strings */,
			);
			name = "Supporting Files";
			sourceTree = "<group>";
		};
		4C000A60155272D400E77CEB /* facebook-ios-sdk */ = {
			isa = PBXGroup;
			children = (
				4C000A61155272D400E77CEB /* Facebook.h */,
				4C000A62155272D400E77CEB /* FBConnect.h */,
				4C000A63155272D400E77CEB /* FBDialog.bundle */,
				4C000A64155272D400E77CEB /* FBDialog.h */,
				4C000A65155272D400E77CEB /* FBFrictionlessRequestSettings.h */,
				4C000A66155272D400E77CEB /* FBLoginDialog.h */,
				4C000A67155272D400E77CEB /* FBRequest.h */,
				4C000A68155272D400E77CEB /* JSON.h */,
				4C000A69155272D400E77CEB /* libfacebook_ios_sdk.a */,
				4C000A6A155272D400E77CEB /* NSObject+SBJSON.h */,
				4C000A6B155272D400E77CEB /* NSString+SBJSON.h */,
				4C000A6C155272D400E77CEB /* SBJSON.h */,
				4C000A6D155272D400E77CEB /* SBJsonBase.h */,
				4C000A6E155272D400E77CEB /* SBJsonParser.h */,
				4C000A6F155272D400E77CEB /* SBJsonWriter.h */,
			);
			path = "facebook-ios-sdk";
			sourceTree = "<group>";
		};
/* End PBXGroup section */

/* Begin PBXNativeTarget section */
		1587A20C15463951006BB3D8 /* project3 */ = {
			isa = PBXNativeTarget;
			buildConfigurationList = 1587A24015463952006BB3D8 /* Build configuration list for PBXNativeTarget "project3" */;
			buildPhases = (
				1587A20915463951006BB3D8 /* Sources */,
				1587A20A15463951006BB3D8 /* Frameworks */,
				1587A20B15463951006BB3D8 /* Resources */,
			);
			buildRules = (
			);
			dependencies = (
			);
			name = project3;
			productName = project3;
			productReference = 1587A20D15463951006BB3D8 /* project3.app */;
			productType = "com.apple.product-type.application";
		};
		1587A22D15463952006BB3D8 /* project3Tests */ = {
			isa = PBXNativeTarget;
			buildConfigurationList = 1587A24315463952006BB3D8 /* Build configuration list for PBXNativeTarget "project3Tests" */;
			buildPhases = (
				1587A22915463952006BB3D8 /* Sources */,
				1587A22A15463952006BB3D8 /* Frameworks */,
				1587A22B15463952006BB3D8 /* Resources */,
				1587A22C15463952006BB3D8 /* ShellScript */,
			);
			buildRules = (
			);
			dependencies = (
				1587A23415463952006BB3D8 /* PBXTargetDependency */,
			);
			name = project3Tests;
			productName = project3Tests;
			productReference = 1587A22E15463952006BB3D8 /* project3Tests.octest */;
			productType = "com.apple.product-type.bundle";
		};
/* End PBXNativeTarget section */

/* Begin PBXProject section */
		1587A20415463951006BB3D8 /* Project object */ = {
			isa = PBXProject;
			attributes = {
				LastUpgradeCheck = 0430;
			};
			buildConfigurationList = 1587A20715463951006BB3D8 /* Build configuration list for PBXProject "project3" */;
			compatibilityVersion = "Xcode 3.2";
			developmentRegion = English;
			hasScannedForEncodings = 0;
			knownRegions = (
				en,
			);
			mainGroup = 1587A20215463951006BB3D8;
			productRefGroup = 1587A20E15463951006BB3D8 /* Products */;
			projectDirPath = "";
			projectRoot = "";
			targets = (
				1587A20C15463951006BB3D8 /* project3 */,
				1587A22D15463952006BB3D8 /* project3Tests */,
			);
		};
/* End PBXProject section */

/* Begin PBXResourcesBuildPhase section */
		1587A20B15463951006BB3D8 /* Resources */ = {
			isa = PBXResourcesBuildPhase;
			buildActionMask = 2147483647;
			files = (
				1587A21C15463951006BB3D8 /* InfoPlist.strings in Resources */,
				1587A22815463951006BB3D8 /* ViewController.xib in Resources */,
				1587A25615464888006BB3D8 /* TemplateViewController.xib in Resources */,
				1587A27915465D13006BB3D8 /* FormViewController.xib in Resources */,
				1529503715525F2500B5E0D3 /* StoryViewController.xib in Resources */,
				1529503C1552743B00B5E0D3 /* FriendsViewController.xib in Resources */,
				4C000A70155272D400E77CEB /* FBDialog.bundle in Resources */,
	 f54158adec06a9fa3bac21e4cb4779382930a416
			);
			runOnlyForDeploymentPostprocessing = 0;
		};
		1587A22B15463952006BB3D8 /* Resources */ = {
			isa = PBXResourcesBuildPhase;
			buildActionMask = 2147483647;
			files = (
				1587A23A15463952006BB3D8 /* InfoPlist.strings in Resources */,
			);
			runOnlyForDeploymentPostprocessing = 0;
		};
/* End PBXResourcesBuildPhase section */

/* Begin PBXShellScriptBuildPhase section */
		1587A22C15463952006BB3D8 /* ShellScript */ = {
			isa = PBXShellScriptBuildPhase;
			buildActionMask = 2147483647;
			files = (
			);
			inputPaths = (
			);
			outputPaths = (
			);
			runOnlyForDeploymentPostprocessing = 0;
			shellPath = /bin/sh;
			shellScript = "# Run the unit tests in this test bundle.\n\"${SYSTEM_DEVELOPER_DIR}/Tools/RunUnitTests\"\n";
		};
/* End PBXShellScriptBuildPhase section */

/* Begin PBXSourcesBuildPhase section */
		1587A20915463951006BB3D8 /* Sources */ = {
			isa = PBXSourcesBuildPhase;
			buildActionMask = 2147483647;
			files = (
				1587A21E15463951006BB3D8 /* main.m in Sources */,
				1587A22215463951006BB3D8 /* AppDelegate.m in Sources */,
				1587A22515463951006BB3D8 /* ViewController.m in Sources */,
				1587A25515464888006BB3D8 /* TemplateViewController.m in Sources */,
				1587A27815465D13006BB3D8 /* FormViewController.m in Sources */,
				152950321552513300B5E0D3 /* GameSingleton.m in Sources */,
				1529503615525F2500B5E0D3 /* StoryViewController.m in Sources */,
				1529503B1552743B00B5E0D3 /* FriendsViewController.m in Sources */,
			);
			runOnlyForDeploymentPostprocessing = 0;
		};
		1587A22915463952006BB3D8 /* Sources */ = {
			isa = PBXSourcesBuildPhase;
			buildActionMask = 2147483647;
			files = (
				1587A23D15463952006BB3D8 /* project3Tests.m in Sources */,
			);
			runOnlyForDeploymentPostprocessing = 0;
		};
/* End PBXSourcesBuildPhase section */

/* Begin PBXTargetDependency section */
		1587A23415463952006BB3D8 /* PBXTargetDependency */ = {
			isa = PBXTargetDependency;
			target = 1587A20C15463951006BB3D8 /* project3 */;
			targetProxy = 1587A23315463952006BB3D8 /* PBXContainerItemProxy */;
		};
/* End PBXTargetDependency section */

/* Begin PBXVariantGroup section */
		1587A21A15463951006BB3D8 /* InfoPlist.strings */ = {
			isa = PBXVariantGroup;
			children = (
				1587A21B15463951006BB3D8 /* en */,
			);
			name = InfoPlist.strings;
			sourceTree = "<group>";
		};
		1587A22615463951006BB3D8 /* ViewController.xib */ = {
			isa = PBXVariantGroup;
			children = (
				1587A22715463951006BB3D8 /* en */,
			);
			name = ViewController.xib;
			sourceTree = "<group>";
		};
		1587A23815463952006BB3D8 /* InfoPlist.strings */ = {
			isa = PBXVariantGroup;
			children = (
				1587A23915463952006BB3D8 /* en */,
			);
			name = InfoPlist.strings;
			sourceTree = "<group>";
		};
/* End PBXVariantGroup section */

/* Begin XCBuildConfiguration section */
		1587A23E15463952006BB3D8 /* Debug */ = {
			isa = XCBuildConfiguration;
			buildSettings = {
				ALWAYS_SEARCH_USER_PATHS = NO;
				ARCHS = "$(ARCHS_STANDARD_32_BIT)";
				CLANG_ENABLE_OBJC_ARC = YES;
				"CODE_SIGN_IDENTITY[sdk=iphoneos*]" = "iPhone Developer";
				COPY_PHASE_STRIP = NO;
				GCC_C_LANGUAGE_STANDARD = gnu99;
				GCC_DYNAMIC_NO_PIC = NO;
				GCC_OPTIMIZATION_LEVEL = 0;
				GCC_PREPROCESSOR_DEFINITIONS = (
					"DEBUG=1",
					"$(inherited)",
				);
				GCC_SYMBOLS_PRIVATE_EXTERN = NO;
				GCC_VERSION = com.apple.compilers.llvm.clang.1_0;
				GCC_WARN_ABOUT_RETURN_TYPE = YES;
				GCC_WARN_UNINITIALIZED_AUTOS = YES;
				GCC_WARN_UNUSED_VARIABLE = YES;
				IPHONEOS_DEPLOYMENT_TARGET = 5.1;
				SDKROOT = iphoneos;
			};
			name = Debug;
		};
		1587A23F15463952006BB3D8 /* Release */ = {
			isa = XCBuildConfiguration;
			buildSettings = {
				ALWAYS_SEARCH_USER_PATHS = NO;
				ARCHS = "$(ARCHS_STANDARD_32_BIT)";
				CLANG_ENABLE_OBJC_ARC = YES;
				"CODE_SIGN_IDENTITY[sdk=iphoneos*]" = "iPhone Developer";
				COPY_PHASE_STRIP = YES;
				GCC_C_LANGUAGE_STANDARD = gnu99;
				GCC_VERSION = com.apple.compilers.llvm.clang.1_0;
				GCC_WARN_ABOUT_RETURN_TYPE = YES;
				GCC_WARN_UNINITIALIZED_AUTOS = YES;
				GCC_WARN_UNUSED_VARIABLE = YES;
				IPHONEOS_DEPLOYMENT_TARGET = 5.1;
				OTHER_CFLAGS = "-DNS_BLOCK_ASSERTIONS=1";
				SDKROOT = iphoneos;
				VALIDATE_PRODUCT = YES;
			};
			name = Release;
		};
		1587A24115463952006BB3D8 /* Debug */ = {
			isa = XCBuildConfiguration;
			buildSettings = {
				GCC_PRECOMPILE_PREFIX_HEADER = YES;
				GCC_PREFIX_HEADER = "project3/project3-Prefix.pch";
				INFOPLIST_FILE = "project3/project3-Info.plist";
				LIBRARY_SEARCH_PATHS = (
					"$(inherited)",
					"\"$(SRCROOT)/facebook-ios-sdk\"",
				);
				PRODUCT_NAME = "$(TARGET_NAME)";
				WRAPPER_EXTENSION = app;
			};
			name = Debug;
		};
		1587A24215463952006BB3D8 /* Release */ = {
			isa = XCBuildConfiguration;
			buildSettings = {
				GCC_PRECOMPILE_PREFIX_HEADER = YES;
				GCC_PREFIX_HEADER = "project3/project3-Prefix.pch";
				INFOPLIST_FILE = "project3/project3-Info.plist";
				LIBRARY_SEARCH_PATHS = (
					"$(inherited)",
					"\"$(SRCROOT)/facebook-ios-sdk\"",
				);
				PRODUCT_NAME = "$(TARGET_NAME)";
				WRAPPER_EXTENSION = app;
			};
			name = Release;
		};
		1587A24415463952006BB3D8 /* Debug */ = {
			isa = XCBuildConfiguration;
			buildSettings = {
				BUNDLE_LOADER = "$(BUILT_PRODUCTS_DIR)/project3.app/project3";
				FRAMEWORK_SEARCH_PATHS = (
					"$(SDKROOT)/Developer/Library/Frameworks",
					"$(DEVELOPER_LIBRARY_DIR)/Frameworks",
				);
				GCC_PRECOMPILE_PREFIX_HEADER = YES;
				GCC_PREFIX_HEADER = "project3/project3-Prefix.pch";
				INFOPLIST_FILE = "project3Tests/project3Tests-Info.plist";
				PRODUCT_NAME = "$(TARGET_NAME)";
				TEST_HOST = "$(BUNDLE_LOADER)";
				WRAPPER_EXTENSION = octest;
			};
			name = Debug;
		};
		1587A24515463952006BB3D8 /* Release */ = {
			isa = XCBuildConfiguration;
			buildSettings = {
				BUNDLE_LOADER = "$(BUILT_PRODUCTS_DIR)/project3.app/project3";
				FRAMEWORK_SEARCH_PATHS = (
					"$(SDKROOT)/Developer/Library/Frameworks",
					"$(DEVELOPER_LIBRARY_DIR)/Frameworks",
				);
				GCC_PRECOMPILE_PREFIX_HEADER = YES;
				GCC_PREFIX_HEADER = "project3/project3-Prefix.pch";
				INFOPLIST_FILE = "project3Tests/project3Tests-Info.plist";
				PRODUCT_NAME = "$(TARGET_NAME)";
				TEST_HOST = "$(BUNDLE_LOADER)";
				WRAPPER_EXTENSION = octest;
			};
			name = Release;
		};
/* End XCBuildConfiguration section */

/* Begin XCConfigurationList section */
		1587A20715463951006BB3D8 /* Build configuration list for PBXProject "project3" */ = {
			isa = XCConfigurationList;
			buildConfigurations = (
				1587A23E15463952006BB3D8 /* Debug */,
				1587A23F15463952006BB3D8 /* Release */,
			);
			defaultConfigurationIsVisible = 0;
			defaultConfigurationName = Release;
		};
		1587A24015463952006BB3D8 /* Build configuration list for PBXNativeTarget "project3" */ = {
			isa = XCConfigurationList;
			buildConfigurations = (
				1587A24115463952006BB3D8 /* Debug */,
				1587A24215463952006BB3D8 /* Release */,
			);
			defaultConfigurationIsVisible = 0;
			defaultConfigurationName = Release;
		};
		1587A24315463952006BB3D8 /* Build configuration list for PBXNativeTarget "project3Tests" */ = {
			isa = XCConfigurationList;
			buildConfigurations = (
				1587A24415463952006BB3D8 /* Debug */,
				1587A24515463952006BB3D8 /* Release */,
			);
			defaultConfigurationIsVisible = 0;
			defaultConfigurationName = Release;
		};
/* End XCConfigurationList section */
	};
	rootObject = 1587A20415463951006BB3D8 /* Project object */;
}
